
Microsoft Visual Studio Solution File, Format Version 12.00
# Visual Studio Version 17
VisualStudioVersion = 17.1.32210.238
MinimumVisualStudioVersion = 10.0.40219.1
Project("{FAE04EC0-301F-11D3-BF4B-00C04F79EFBC}") = "PizzaOrderProject", "PizzaOrderProject\PizzaOrderProject.csproj", "{4226ACB4-7C4D-47A7-875D-A10780514774}"
EndProject
Project("{FAE04EC0-301F-11D3-BF4B-00C04F79EFBC}") = "PizzaProjectTest", "PizzaProjectTest\PizzaProjectTest.csproj", "{B7E943C3-CBDC-4866-B921-15CE940FC77C}"
EndProject
Global
	GlobalSection(SolutionConfigurationPlatforms) = preSolution
		Debug|Any CPU = Debug|Any CPU
		Release|Any CPU = Release|Any CPU
	EndGlobalSection
	GlobalSection(ProjectConfigurationPlatforms) = postSolution
		{4226ACB4-7C4D-47A7-875D-A10780514774}.Debug|Any CPU.ActiveCfg = Debug|Any CPU
		{4226ACB4-7C4D-47A7-875D-A10780514774}.Debug|Any CPU.Build.0 = Debug|Any CPU
		{4226ACB4-7C4D-47A7-875D-A10780514774}.Release|Any CPU.ActiveCfg = Release|Any CPU
		{4226ACB4-7C4D-47A7-875D-A10780514774}.Release|Any CPU.Build.0 = Release|Any CPU
		{B7E943C3-CBDC-4866-B921-15CE940FC77C}.Debug|Any CPU.ActiveCfg = Debug|Any CPU
		{B7E943C3-CBDC-4866-B921-15CE940FC77C}.Debug|Any CPU.Build.0 = Debug|Any CPU
		{B7E943C3-CBDC-4866-B921-15CE940FC77C}.Release|Any CPU.ActiveCfg = Release|Any CPU
		{B7E943C3-CBDC-4866-B921-15CE940FC77C}.Release|Any CPU.Build.0 = Release|Any CPU
	EndGlobalSection
	GlobalSection(SolutionProperties) = preSolution
		HideSolutionNode = FALSE
	EndGlobalSection
	GlobalSection(ExtensibilityGlobals) = postSolution
		SolutionGuid = {9BE1324F-FB42-4C66-A18A-0084E543BC6C}
	EndGlobalSection
EndGlobal
